
Microsoft Visual Studio Solution File, Format Version 12.00
# Visual Studio Version 17
VisualStudioVersion = 17.4.33205.214
MinimumVisualStudioVersion = 10.0.40219.1
Project("{FAE04EC0-301F-11D3-BF4B-00C04F79EFBC}") = "GDAPITest", "GDAPITest\GDAPITest.csproj", "{2EE0AEEC-945F-4CE1-9650-FFA0E7669DEA}"
EndProject
Global
	GlobalSection(SolutionConfigurationPlatforms) = preSolution
		Debug|Any CPU = Debug|Any CPU
		Release|Any CPU = Release|Any CPU
	EndGlobalSection
	GlobalSection(ProjectConfigurationPlatforms) = postSolution
		{2EE0AEEC-945F-4CE1-9650-FFA0E7669DEA}.Debug|Any CPU.ActiveCfg = Debug|Any CPU
		{2EE0AEEC-945F-4CE1-9650-FFA0E7669DEA}.Debug|Any CPU.Build.0 = Debug|Any CPU
		{2EE0AEEC-945F-4CE1-9650-FFA0E7669DEA}.Release|Any CPU.ActiveCfg = Release|Any CPU
		{2EE0AEEC-945F-4CE1-9650-FFA0E7669DEA}.Release|Any CPU.Build.0 = Release|Any CPU
	EndGlobalSection
	GlobalSection(SolutionProperties) = preSolution
		HideSolutionNode = FALSE
	EndGlobalSection
	GlobalSection(ExtensibilityGlobals) = postSolution
		SolutionGuid = {A4969AC7-4A68-46C6-BEAB-BC84899B4780}
	EndGlobalSection
EndGlobal
